
Microsoft Visual Studio Solution File, Format Version 12.00
# Visual Studio Version 17
VisualStudioVersion = 17.3.32811.315
MinimumVisualStudioVersion = 10.0.40219.1
Project("{FAE04EC0-301F-11D3-BF4B-00C04F79EFBC}") = "SQLInjectionAnalyzer", "SQLInjectionAnalyzer\SQLInjectionAnalyzer.csproj", "{4CCA4842-29BA-4A89-B72A-06A11A9B1497}"
EndProject
Project("{FAE04EC0-301F-11D3-BF4B-00C04F79EFBC}") = "ExceptionService", "ExceptionHandler\ExceptionService.csproj", "{527248C1-BB1E-4ED3-8FAA-1E3469E025DD}"
EndProject
Project("{FAE04EC0-301F-11D3-BF4B-00C04F79EFBC}") = "Model", "Model\Model.csproj", "{536B46B7-7816-4273-932F-11CBE4155D38}"
EndProject
Project("{FAE04EC0-301F-11D3-BF4B-00C04F79EFBC}") = "UnitTests", "UnitTests\UnitTests.csproj", "{473B91EA-F240-4E98-9EF8-C3C6932DBA28}"
EndProject
Project("{FAE04EC0-301F-11D3-BF4B-00C04F79EFBC}") = "InputService", "InputService\InputService.csproj", "{79B7DA22-E418-40AB-A305-98FEC865147D}"
EndProject
Global
	GlobalSection(SolutionConfigurationPlatforms) = preSolution
		Debug|Any CPU = Debug|Any CPU
		Release|Any CPU = Release|Any CPU
	EndGlobalSection
	GlobalSection(ProjectConfigurationPlatforms) = postSolution
		{4CCA4842-29BA-4A89-B72A-06A11A9B1497}.Debug|Any CPU.ActiveCfg = Debug|Any CPU
		{4CCA4842-29BA-4A89-B72A-06A11A9B1497}.Debug|Any CPU.Build.0 = Debug|Any CPU
		{4CCA4842-29BA-4A89-B72A-06A11A9B1497}.Release|Any CPU.ActiveCfg = Release|Any CPU
		{4CCA4842-29BA-4A89-B72A-06A11A9B1497}.Release|Any CPU.Build.0 = Release|Any CPU
		{527248C1-BB1E-4ED3-8FAA-1E3469E025DD}.Debug|Any CPU.ActiveCfg = Debug|Any CPU
		{527248C1-BB1E-4ED3-8FAA-1E3469E025DD}.Debug|Any CPU.Build.0 = Debug|Any CPU
		{527248C1-BB1E-4ED3-8FAA-1E3469E025DD}.Release|Any CPU.ActiveCfg = Release|Any CPU
		{527248C1-BB1E-4ED3-8FAA-1E3469E025DD}.Release|Any CPU.Build.0 = Release|Any CPU
		{536B46B7-7816-4273-932F-11CBE4155D38}.Debug|Any CPU.ActiveCfg = Debug|Any CPU
		{536B46B7-7816-4273-932F-11CBE4155D38}.Debug|Any CPU.Build.0 = Debug|Any CPU
		{536B46B7-7816-4273-932F-11CBE4155D38}.Release|Any CPU.ActiveCfg = Release|Any CPU
		{536B46B7-7816-4273-932F-11CBE4155D38}.Release|Any CPU.Build.0 = Release|Any CPU
		{473B91EA-F240-4E98-9EF8-C3C6932DBA28}.Debug|Any CPU.ActiveCfg = Debug|Any CPU
		{473B91EA-F240-4E98-9EF8-C3C6932DBA28}.Debug|Any CPU.Build.0 = Debug|Any CPU
		{473B91EA-F240-4E98-9EF8-C3C6932DBA28}.Release|Any CPU.ActiveCfg = Release|Any CPU
		{473B91EA-F240-4E98-9EF8-C3C6932DBA28}.Release|Any CPU.Build.0 = Release|Any CPU
		{79B7DA22-E418-40AB-A305-98FEC865147D}.Debug|Any CPU.ActiveCfg = Debug|Any CPU
		{79B7DA22-E418-40AB-A305-98FEC865147D}.Debug|Any CPU.Build.0 = Debug|Any CPU
		{79B7DA22-E418-40AB-A305-98FEC865147D}.Release|Any CPU.ActiveCfg = Release|Any CPU
		{79B7DA22-E418-40AB-A305-98FEC865147D}.Release|Any CPU.Build.0 = Release|Any CPU
	EndGlobalSection
	GlobalSection(SolutionProperties) = preSolution
		HideSolutionNode = FALSE
	EndGlobalSection
	GlobalSection(ExtensibilityGlobals) = postSolution
		SolutionGuid = {3B2AF05F-1CEA-4AB2-941E-DB497A40932D}
	EndGlobalSection
EndGlobal
